
Microsoft Visual Studio Solution File, Format Version 12.00
# Visual Studio Version 16
VisualStudioVersion = 16.0.30104.148
MinimumVisualStudioVersion = 10.0.40219.1
Project("{FAE04EC0-301F-11D3-BF4B-00C04F79EFBC}") = "coronewsApp", "coronewsApp\coronewsApp.csproj", "{64E70408-30A9-4DF2-B0F0-5A7826F0236E}"
EndProject
Global
	GlobalSection(SolutionConfigurationPlatforms) = preSolution
		Debug|Any CPU = Debug|Any CPU
		Release|Any CPU = Release|Any CPU
	EndGlobalSection
	GlobalSection(ProjectConfigurationPlatforms) = postSolution
		{64E70408-30A9-4DF2-B0F0-5A7826F0236E}.Debug|Any CPU.ActiveCfg = Debug|Any CPU
		{64E70408-30A9-4DF2-B0F0-5A7826F0236E}.Debug|Any CPU.Build.0 = Debug|Any CPU
		{64E70408-30A9-4DF2-B0F0-5A7826F0236E}.Release|Any CPU.ActiveCfg = Release|Any CPU
		{64E70408-30A9-4DF2-B0F0-5A7826F0236E}.Release|Any CPU.Build.0 = Release|Any CPU
	EndGlobalSection
	GlobalSection(SolutionProperties) = preSolution
		HideSolutionNode = FALSE
	EndGlobalSection
	GlobalSection(ExtensibilityGlobals) = postSolution
		SolutionGuid = {E53A0A6D-3647-4B14-8B95-F9CB6357601C}
	EndGlobalSection
EndGlobal
